
Microsoft Visual Studio Solution File, Format Version 12.00
# Visual Studio Version 17
VisualStudioVersion = 17.10.35027.167
MinimumVisualStudioVersion = 10.0.40219.1
Project("{FAE04EC0-301F-11D3-BF4B-00C04F79EFBC}") = "AppRateLimiter.CheckBucketReadService", "AppRateLimiter.CheckBucketReadService\AppRateLimiter.CheckBucketReadService.csproj", "{278C6D60-6B4F-4056-85FC-BD693D900693}"
EndProject
Project("{FAE04EC0-301F-11D3-BF4B-00C04F79EFBC}") = "AppRateLimiter.Models", "AppRateLimiter.Models\AppRateLimiter.Models.csproj", "{040A8BD7-8822-40E2-8AA2-532A906BDB12}"
EndProject
Project("{FAE04EC0-301F-11D3-BF4B-00C04F79EFBC}") = "AppRateLimiter.DAL", "AppRateLimiter.DAL\AppRateLimiter.DAL.csproj", "{10BEE1A0-7C23-4DDC-AA95-A0CADA1A873D}"
EndProject
Global
	GlobalSection(SolutionConfigurationPlatforms) = preSolution
		Debug|Any CPU = Debug|Any CPU
		Release|Any CPU = Release|Any CPU
	EndGlobalSection
	GlobalSection(ProjectConfigurationPlatforms) = postSolution
		{278C6D60-6B4F-4056-85FC-BD693D900693}.Debug|Any CPU.ActiveCfg = Debug|Any CPU
		{278C6D60-6B4F-4056-85FC-BD693D900693}.Debug|Any CPU.Build.0 = Debug|Any CPU
		{278C6D60-6B4F-4056-85FC-BD693D900693}.Release|Any CPU.ActiveCfg = Release|Any CPU
		{278C6D60-6B4F-4056-85FC-BD693D900693}.Release|Any CPU.Build.0 = Release|Any CPU
		{040A8BD7-8822-40E2-8AA2-532A906BDB12}.Debug|Any CPU.ActiveCfg = Debug|Any CPU
		{040A8BD7-8822-40E2-8AA2-532A906BDB12}.Debug|Any CPU.Build.0 = Debug|Any CPU
		{040A8BD7-8822-40E2-8AA2-532A906BDB12}.Release|Any CPU.ActiveCfg = Release|Any CPU
		{040A8BD7-8822-40E2-8AA2-532A906BDB12}.Release|Any CPU.Build.0 = Release|Any CPU
		{10BEE1A0-7C23-4DDC-AA95-A0CADA1A873D}.Debug|Any CPU.ActiveCfg = Debug|Any CPU
		{10BEE1A0-7C23-4DDC-AA95-A0CADA1A873D}.Debug|Any CPU.Build.0 = Debug|Any CPU
		{10BEE1A0-7C23-4DDC-AA95-A0CADA1A873D}.Release|Any CPU.ActiveCfg = Release|Any CPU
		{10BEE1A0-7C23-4DDC-AA95-A0CADA1A873D}.Release|Any CPU.Build.0 = Release|Any CPU
	EndGlobalSection
	GlobalSection(SolutionProperties) = preSolution
		HideSolutionNode = FALSE
	EndGlobalSection
	GlobalSection(ExtensibilityGlobals) = postSolution
		SolutionGuid = {BAF0CE76-1C8F-4928-BFB9-7C7C7CCE342F}
	EndGlobalSection
EndGlobal
